
Microsoft Visual Studio Solution File, Format Version 12.00
# Visual Studio Version 16
VisualStudioVersion = 16.0.30907.101
MinimumVisualStudioVersion = 10.0.40219.1
Project("{FAE04EC0-301F-11D3-BF4B-00C04F79EFBC}") = "Sistema Inventario", "Sistema Inventario\Sistema Inventario.csproj", "{C1FBF6DD-08E6-4EB0-9A02-4E619E1231F9}"
EndProject
Global
	GlobalSection(SolutionConfigurationPlatforms) = preSolution
		Debug|Any CPU = Debug|Any CPU
		Release|Any CPU = Release|Any CPU
	EndGlobalSection
	GlobalSection(ProjectConfigurationPlatforms) = postSolution
		{C1FBF6DD-08E6-4EB0-9A02-4E619E1231F9}.Debug|Any CPU.ActiveCfg = Debug|Any CPU
		{C1FBF6DD-08E6-4EB0-9A02-4E619E1231F9}.Debug|Any CPU.Build.0 = Debug|Any CPU
		{C1FBF6DD-08E6-4EB0-9A02-4E619E1231F9}.Release|Any CPU.ActiveCfg = Release|Any CPU
		{C1FBF6DD-08E6-4EB0-9A02-4E619E1231F9}.Release|Any CPU.Build.0 = Release|Any CPU
	EndGlobalSection
	GlobalSection(SolutionProperties) = preSolution
		HideSolutionNode = FALSE
	EndGlobalSection
	GlobalSection(ExtensibilityGlobals) = postSolution
		SolutionGuid = {FFDB73F6-C175-425A-A677-8B91255F6F07}
	EndGlobalSection
EndGlobal
